
Microsoft Visual Studio Solution File, Format Version 12.00
# Visual Studio Version 17
VisualStudioVersion = 17.7.34003.232
MinimumVisualStudioVersion = 10.0.40219.1
Project("{FAE04EC0-301F-11D3-BF4B-00C04F79EFBC}") = "Telephone_book", "Telephone_book.csproj", "{E417AA55-3C9F-4C13-8251-CE682467434D}"
EndProject
Global
	GlobalSection(SolutionConfigurationPlatforms) = preSolution
		Debug|Any CPU = Debug|Any CPU
		Release|Any CPU = Release|Any CPU
	EndGlobalSection
	GlobalSection(ProjectConfigurationPlatforms) = postSolution
		{E417AA55-3C9F-4C13-8251-CE682467434D}.Debug|Any CPU.ActiveCfg = Debug|Any CPU
		{E417AA55-3C9F-4C13-8251-CE682467434D}.Debug|Any CPU.Build.0 = Debug|Any CPU
		{E417AA55-3C9F-4C13-8251-CE682467434D}.Release|Any CPU.ActiveCfg = Release|Any CPU
		{E417AA55-3C9F-4C13-8251-CE682467434D}.Release|Any CPU.Build.0 = Release|Any CPU
	EndGlobalSection
	GlobalSection(SolutionProperties) = preSolution
		HideSolutionNode = FALSE
	EndGlobalSection
	GlobalSection(ExtensibilityGlobals) = postSolution
		SolutionGuid = {EB5B6895-F861-47FD-B84A-D89E2006B981}
	EndGlobalSection
EndGlobal
